# THIS IS AN AUTOGENERATED FILE. DO NOT EDIT THIS FILE DIRECTLY.
# yarn lockfile v1


"@rnv/template-starter@0.37.1":
  version "0.37.1"
  resolved "https://registry.yarnpkg.com/@rnv/template-starter/-/template-starter-0.37.1.tgz#d9fb476449cf703b5b2ed2a6cb563fe063518723"
  integrity sha512-aM2jj2Kk/luLxwFpyCPZdQZsnSQ2wDhrwba2oETrCl4KM+l8TuXOj6rUzy33sZnVzBGcP84b0gnBSZ+60PbckA==
